
Microsoft Visual Studio Solution File, Format Version 12.00
# Visual Studio Version 17
VisualStudioVersion = 17.9.34622.214
MinimumVisualStudioVersion = 10.0.40219.1
Project("{FAE04EC0-301F-11D3-BF4B-00C04F79EFBC}") = "ContainerLogistics", "ContainerLogistics.csproj", "{8C3FC372-EA4F-4C7B-AA3E-DFCE013B9248}"
EndProject
Global
	GlobalSection(SolutionConfigurationPlatforms) = preSolution
		Debug|Any CPU = Debug|Any CPU
		Release|Any CPU = Release|Any CPU
	EndGlobalSection
	GlobalSection(ProjectConfigurationPlatforms) = postSolution
		{8C3FC372-EA4F-4C7B-AA3E-DFCE013B9248}.Debug|Any CPU.ActiveCfg = Debug|Any CPU
		{8C3FC372-EA4F-4C7B-AA3E-DFCE013B9248}.Debug|Any CPU.Build.0 = Debug|Any CPU
		{8C3FC372-EA4F-4C7B-AA3E-DFCE013B9248}.Release|Any CPU.ActiveCfg = Release|Any CPU
		{8C3FC372-EA4F-4C7B-AA3E-DFCE013B9248}.Release|Any CPU.Build.0 = Release|Any CPU
	EndGlobalSection
	GlobalSection(SolutionProperties) = preSolution
		HideSolutionNode = FALSE
	EndGlobalSection
	GlobalSection(ExtensibilityGlobals) = postSolution
		SolutionGuid = {7DA46623-5060-4468-8E3A-DF5B1381F50E}
	EndGlobalSection
EndGlobal
